
Microsoft Visual Studio Solution File, Format Version 12.00
# Visual Studio 15
Project("{FAE04EC0-301F-11D3-BF4B-00C04F79EFBC}") = "SensorTagDataCollector", "SensorTagDataCollector\SensorTagDataCollector.csproj", "{88D95042-5E19-4EEC-B447-B65977FDC12A}"
EndProject
Global
	GlobalSection(SolutionConfigurationPlatforms) = preSolution
		Debug|x86 = Debug|Any CPU
		Release|x86 = Release|Any CPU
	EndGlobalSection
	GlobalSection(ProjectConfigurationPlatforms) = postSolution
		{88D95042-5E19-4EEC-B447-B65977FDC12A}.Debug|x86.ActiveCfg = Debug|Any CPU
		{88D95042-5E19-4EEC-B447-B65977FDC12A}.Debug|x86.Build.0 = Debug|Any CPU
		{88D95042-5E19-4EEC-B447-B65977FDC12A}.Release|x86.ActiveCfg = Release|Any CPU
		{88D95042-5E19-4EEC-B447-B65977FDC12A}.Release|x86.Build.0 = Release|Any CPU
	EndGlobalSection
EndGlobal
